{
  "requires": true,
  "lockfileVersion": 1,
  "dependencies": {
    "vue-cli-plugin-vuetify": {
      "version": "0.4.1",
      "resolved": "https://registry.npmjs.org/vue-cli-plugin-vuetify/-/vue-cli-plugin-vuetify-0.4.1.tgz",
      "integrity": "sha512-EV8q2iYt2p7VR8PQPjWfQISgQhS5j9UaVsmKqBrz5tSN6eccPQzqNgpVtL2UAy1yiPNqogmCNYxqGFlGCsk73g==",
      "dev": true
    }
  }
}
